golang.org/x/sync v0.19.0 h1:vV+1eWNmZ5geRlYjzm2adRgW2/mcpevXNg50YZtPCE4=
golang.org/x/sync v0.19.0/go.mod h1:9KTHXmSnoGruLpwFjVSX0lNNA75CykiMECbovNTZqGI=
libvirt.org/go/libvirt v1.11010.0 h1:1EIh2x6qcRoIBBOvrgN62vq5FIpgUBrmGadprQ/4M0Y=
libvirt.org/go/libvirt v1.11010.0/go.mod h1:1WiFE8EjZfq+FCVog+rvr1yatKbKZ9FaFMZgEqxEJqQ=
